
Microsoft Visual Studio Solution File, Format Version 12.00
# Visual Studio Version 16
VisualStudioVersion = 16.0.28721.148
MinimumVisualStudioVersion = 10.0.40219.1
Project("{2150E333-8FDC-42A3-9474-1A3956D46DE8}") = "Solution Items", "Solution Items", "{EE36102D-AC13-4DED-802B-F265CB1DEE53}"
	ProjectSection(SolutionItems) = preProject
		appveyor.yml = appveyor.yml
		CHANGELOG.md = CHANGELOG.md
		CONTRIBUTING.md = CONTRIBUTING.md
		LICENSE.txt = LICENSE.txt
		README.md = README.md
	EndProjectSection
EndProject
Project("{2150E333-8FDC-42A3-9474-1A3956D46DE8}") = "logo-files", "logo-files", "{5A50B081-F4DF-42AD-9C52-3FDADE6D2919}"
	ProjectSection(SolutionItems) = preProject
		logo-files\ccxt.net.api.png = logo-files\ccxt.net.api.png
		logo-files\ccxt.net.ico = logo-files\ccxt.net.ico
	EndProjectSection
EndProject
Project("{2150E333-8FDC-42A3-9474-1A3956D46DE8}") = "samples", "samples", "{F5F13CB7-91AE-498C-AD71-9EC31AA49A5B}"
EndProject
Project("{2150E333-8FDC-42A3-9474-1A3956D46DE8}") = "src", "src", "{9E137A9C-8E9F-4484-B4A2-D190573B082C}"
EndProject
Project("{9A19103F-16F7-4668-BE54-9A1E7A4F7556}") = "ccxt.net", "src\ccxt.net.csproj", "{1AF35DB8-580D-4D5B-A50F-B2C63CF5856D}"
EndProject
Project("{9A19103F-16F7-4668-BE54-9A1E7A4F7556}") = "ccxt.test", "tests\ccxt.test\ccxt.test.csproj", "{E972A495-D622-4D66-9564-E8EB170E740A}"
EndProject
Project("{2150E333-8FDC-42A3-9474-1A3956D46DE8}") = "tests", "tests", "{BC661016-696B-4C21-BC35-CB49FBED7AA1}"
EndProject
Project("{2150E333-8FDC-42A3-9474-1A3956D46DE8}") = "hkg", "hkg", "{D01FAC63-BF61-46F5-8D3E-C91899D3E956}"
EndProject
Project("{2150E333-8FDC-42A3-9474-1A3956D46DE8}") = "sey", "sey", "{018A782E-C626-44F7-BBE3-BADD1408A8CC}"
EndProject
Project("{2150E333-8FDC-42A3-9474-1A3956D46DE8}") = "usa", "usa", "{BACF7C72-36C1-4E11-99CC-0883268B2F1E}"
EndProject
Project("{9A19103F-16F7-4668-BE54-9A1E7A4F7556}") = "binance", "samples\hkg\binance\binance.csproj", "{0A692121-070D-4F5C-B3C0-FF7D49DE4953}"
EndProject
Project("{9A19103F-16F7-4668-BE54-9A1E7A4F7556}") = "bitmex", "samples\sey\bitmex\bitmex.csproj", "{0AE9CB8E-3D87-4140-8F1D-8567D7AA1290}"
EndProject
Project("{9A19103F-16F7-4668-BE54-9A1E7A4F7556}") = "bittrex", "samples\usa\bittrex\bittrex.csproj", "{B0054328-6400-448B-816C-70AB87AB1F40}"
EndProject
Project("{9A19103F-16F7-4668-BE54-9A1E7A4F7556}") = "kraken", "samples\usa\kraken\kraken.csproj", "{1F232BD6-0A96-4CA5-9874-50D43A6CF183}"
EndProject
Global
	GlobalSection(SolutionConfigurationPlatforms) = preSolution
		Debug|Any CPU = Debug|Any CPU
		Debug|x64 = Debug|x64
		Debug|x86 = Debug|x86
		Release|Any CPU = Release|Any CPU
		Release|x64 = Release|x64
		Release|x86 = Release|x86
	EndGlobalSection
	GlobalSection(ProjectConfigurationPlatforms) = postSolution
		{1AF35DB8-580D-4D5B-A50F-B2C63CF5856D}.Debug|Any CPU.ActiveCfg = Debug|Any CPU
		{1AF35DB8-580D-4D5B-A50F-B2C63CF5856D}.Debug|Any CPU.Build.0 = Debug|Any CPU
		{1AF35DB8-580D-4D5B-A50F-B2C63CF5856D}.Debug|x64.ActiveCfg = Debug|Any CPU
		{1AF35DB8-580D-4D5B-A50F-B2C63CF5856D}.Debug|x64.Build.0 = Debug|Any CPU
		{1AF35DB8-580D-4D5B-A50F-B2C63CF5856D}.Debug|x86.ActiveCfg = Debug|Any CPU
		{1AF35DB8-580D-4D5B-A50F-B2C63CF5856D}.Debug|x86.Build.0 = Debug|Any CPU
		{1AF35DB8-580D-4D5B-A50F-B2C63CF5856D}.Release|Any CPU.ActiveCfg = Release|Any CPU
		{1AF35DB8-580D-4D5B-A50F-B2C63CF5856D}.Release|Any CPU.Build.0 = Release|Any CPU
		{1AF35DB8-580D-4D5B-A50F-B2C63CF5856D}.Release|x64.ActiveCfg = Release|Any CPU
		{1AF35DB8-580D-4D5B-A50F-B2C63CF5856D}.Release|x64.Build.0 = Release|Any CPU
		{1AF35DB8-580D-4D5B-A50F-B2C63CF5856D}.Release|x86.ActiveCfg = Release|Any CPU
		{1AF35DB8-580D-4D5B-A50F-B2C63CF5856D}.Release|x86.Build.0 = Release|Any CPU
		{E972A495-D622-4D66-9564-E8EB170E740A}.Debug|Any CPU.ActiveCfg = Debug|Any CPU
		{E972A495-D622-4D66-9564-E8EB170E740A}.Debug|Any CPU.Build.0 = Debug|Any CPU
		{E972A495-D622-4D66-9564-E8EB170E740A}.Debug|x64.ActiveCfg = Debug|Any CPU
		{E972A495-D622-4D66-9564-E8EB170E740A}.Debug|x64.Build.0 = Debug|Any CPU
		{E972A495-D622-4D66-9564-E8EB170E740A}.Debug|x86.ActiveCfg = Debug|Any CPU
		{E972A495-D622-4D66-9564-E8EB170E740A}.Debug|x86.Build.0 = Debug|Any CPU
		{E972A495-D622-4D66-9564-E8EB170E740A}.Release|Any CPU.ActiveCfg = Release|Any CPU
		{E972A495-D622-4D66-9564-E8EB170E740A}.Release|Any CPU.Build.0 = Release|Any CPU
		{E972A495-D622-4D66-9564-E8EB170E740A}.Release|x64.ActiveCfg = Release|Any CPU
		{E972A495-D622-4D66-9564-E8EB170E740A}.Release|x64.Build.0 = Release|Any CPU
		{E972A495-D622-4D66-9564-E8EB170E740A}.Release|x86.ActiveCfg = Release|Any CPU
		{E972A495-D622-4D66-9564-E8EB170E740A}.Release|x86.Build.0 = Release|Any CPU
		{0A692121-070D-4F5C-B3C0-FF7D49DE4953}.Debug|Any CPU.ActiveCfg = Debug|Any CPU
		{0A692121-070D-4F5C-B3C0-FF7D49DE4953}.Debug|Any CPU.Build.0 = Debug|Any CPU
		{0A692121-070D-4F5C-B3C0-FF7D49DE4953}.Debug|x64.ActiveCfg = Debug|Any CPU
		{0A692121-070D-4F5C-B3C0-FF7D49DE4953}.Debug|x64.Build.0 = Debug|Any CPU
		{0A692121-070D-4F5C-B3C0-FF7D49DE4953}.Debug|x86.ActiveCfg = Debug|Any CPU
		{0A692121-070D-4F5C-B3C0-FF7D49DE4953}.Debug|x86.Build.0 = Debug|Any CPU
		{0A692121-070D-4F5C-B3C0-FF7D49DE4953}.Release|Any CPU.ActiveCfg = Release|Any CPU
		{0A692121-070D-4F5C-B3C0-FF7D49DE4953}.Release|Any CPU.Build.0 = Release|Any CPU
		{0A692121-070D-4F5C-B3C0-FF7D49DE4953}.Release|x64.ActiveCfg = Release|Any CPU
		{0A692121-070D-4F5C-B3C0-FF7D49DE4953}.Release|x64.Build.0 = Release|Any CPU
		{0A692121-070D-4F5C-B3C0-FF7D49DE4953}.Release|x86.ActiveCfg = Release|Any CPU
		{0A692121-070D-4F5C-B3C0-FF7D49DE4953}.Release|x86.Build.0 = Release|Any CPU
		{0AE9CB8E-3D87-4140-8F1D-8567D7AA1290}.Debug|Any CPU.ActiveCfg = Debug|Any CPU
		{0AE9CB8E-3D87-4140-8F1D-8567D7AA1290}.Debug|Any CPU.Build.0 = Debug|Any CPU
		{0AE9CB8E-3D87-4140-8F1D-8567D7AA1290}.Debug|x64.ActiveCfg = Debug|Any CPU
		{0AE9CB8E-3D87-4140-8F1D-8567D7AA1290}.Debug|x64.Build.0 = Debug|Any CPU
		{0AE9CB8E-3D87-4140-8F1D-8567D7AA1290}.Debug|x86.ActiveCfg = Debug|Any CPU
		{0AE9CB8E-3D87-4140-8F1D-8567D7AA1290}.Debug|x86.Build.0 = Debug|Any CPU
		{0AE9CB8E-3D87-4140-8F1D-8567D7AA1290}.Release|Any CPU.ActiveCfg = Release|Any CPU
		{0AE9CB8E-3D87-4140-8F1D-8567D7AA1290}.Release|Any CPU.Build.0 = Release|Any CPU
		{0AE9CB8E-3D87-4140-8F1D-8567D7AA1290}.Release|x64.ActiveCfg = Release|Any CPU
		{0AE9CB8E-3D87-4140-8F1D-8567D7AA1290}.Release|x64.Build.0 = Release|Any CPU
		{0AE9CB8E-3D87-4140-8F1D-8567D7AA1290}.Release|x86.ActiveCfg = Release|Any CPU
		{0AE9CB8E-3D87-4140-8F1D-8567D7AA1290}.Release|x86.Build.0 = Release|Any CPU
		{B0054328-6400-448B-816C-70AB87AB1F40}.Debug|Any CPU.ActiveCfg = Debug|Any CPU
		{B0054328-6400-448B-816C-70AB87AB1F40}.Debug|Any CPU.Build.0 = Debug|Any CPU
		{B0054328-6400-448B-816C-70AB87AB1F40}.Debug|x64.ActiveCfg = Debug|Any CPU
		{B0054328-6400-448B-816C-70AB87AB1F40}.Debug|x64.Build.0 = Debug|Any CPU
		{B0054328-6400-448B-816C-70AB87AB1F40}.Debug|x86.ActiveCfg = Debug|Any CPU
		{B0054328-6400-448B-816C-70AB87AB1F40}.Debug|x86.Build.0 = Debug|Any CPU
		{B0054328-6400-448B-816C-70AB87AB1F40}.Release|Any CPU.ActiveCfg = Release|Any CPU
		{B0054328-6400-448B-816C-70AB87AB1F40}.Release|Any CPU.Build.0 = Release|Any CPU
		{B0054328-6400-448B-816C-70AB87AB1F40}.Release|x64.ActiveCfg = Release|Any CPU
		{B0054328-6400-448B-816C-70AB87AB1F40}.Release|x64.Build.0 = Release|Any CPU
		{B0054328-6400-448B-816C-70AB87AB1F40}.Release|x86.ActiveCfg = Release|Any CPU
		{B0054328-6400-448B-816C-70AB87AB1F40}.Release|x86.Build.0 = Release|Any CPU
		{1F232BD6-0A96-4CA5-9874-50D43A6CF183}.Debug|Any CPU.ActiveCfg = Debug|Any CPU
		{1F232BD6-0A96-4CA5-9874-50D43A6CF183}.Debug|Any CPU.Build.0 = Debug|Any CPU
		{1F232BD6-0A96-4CA5-9874-50D43A6CF183}.Debug|x64.ActiveCfg = Debug|Any CPU
		{1F232BD6-0A96-4CA5-9874-50D43A6CF183}.Debug|x64.Build.0 = Debug|Any CPU
		{1F232BD6-0A96-4CA5-9874-50D43A6CF183}.Debug|x86.ActiveCfg = Debug|Any CPU
		{1F232BD6-0A96-4CA5-9874-50D43A6CF183}.Debug|x86.Build.0 = Debug|Any CPU
		{1F232BD6-0A96-4CA5-9874-50D43A6CF183}.Release|Any CPU.ActiveCfg = Release|Any CPU
		{1F232BD6-0A96-4CA5-9874-50D43A6CF183}.Release|Any CPU.Build.0 = Release|Any CPU
		{1F232BD6-0A96-4CA5-9874-50D43A6CF183}.Release|x64.ActiveCfg = Release|Any CPU
		{1F232BD6-0A96-4CA5-9874-50D43A6CF183}.Release|x64.Build.0 = Release|Any CPU
		{1F232BD6-0A96-4CA5-9874-50D43A6CF183}.Release|x86.ActiveCfg = Release|Any CPU
		{1F232BD6-0A96-4CA5-9874-50D43A6CF183}.Release|x86.Build.0 = Release|Any CPU
	EndGlobalSection
	GlobalSection(SolutionProperties) = preSolution
		HideSolutionNode = FALSE
	EndGlobalSection
	GlobalSection(NestedProjects) = preSolution
		{1AF35DB8-580D-4D5B-A50F-B2C63CF5856D} = {9E137A9C-8E9F-4484-B4A2-D190573B082C}
		{E972A495-D622-4D66-9564-E8EB170E740A} = {BC661016-696B-4C21-BC35-CB49FBED7AA1}
		{D01FAC63-BF61-46F5-8D3E-C91899D3E956} = {F5F13CB7-91AE-498C-AD71-9EC31AA49A5B}
		{018A782E-C626-44F7-BBE3-BADD1408A8CC} = {F5F13CB7-91AE-498C-AD71-9EC31AA49A5B}
		{BACF7C72-36C1-4E11-99CC-0883268B2F1E} = {F5F13CB7-91AE-498C-AD71-9EC31AA49A5B}
		{0A692121-070D-4F5C-B3C0-FF7D49DE4953} = {D01FAC63-BF61-46F5-8D3E-C91899D3E956}
		{0AE9CB8E-3D87-4140-8F1D-8567D7AA1290} = {018A782E-C626-44F7-BBE3-BADD1408A8CC}
		{B0054328-6400-448B-816C-70AB87AB1F40} = {BACF7C72-36C1-4E11-99CC-0883268B2F1E}
		{1F232BD6-0A96-4CA5-9874-50D43A6CF183} = {BACF7C72-36C1-4E11-99CC-0883268B2F1E}
	EndGlobalSection
	GlobalSection(ExtensibilityGlobals) = postSolution
		SolutionGuid = {10D0D5D6-447B-4484-A230-BBDBAA48885C}
	EndGlobalSection
EndGlobal
